
Microsoft Visual Studio Solution File, Format Version 12.00
# Visual Studio 15
VisualStudioVersion = 15.0.28307.168
MinimumVisualStudioVersion = 10.0.40219.1
Project("{FAE04EC0-301F-11D3-BF4B-00C04F79EFBC}") = "CSD3354_2_ASSIGNMENT2", "CSD3354_2_ASSIGNMENT2\CSD3354_2_ASSIGNMENT2.csproj", "{B57B5423-A103-4C6E-A785-3DD3A85393D4}"
EndProject
Global
	GlobalSection(SolutionConfigurationPlatforms) = preSolution
		Debug|Any CPU = Debug|Any CPU
		Release|Any CPU = Release|Any CPU
	EndGlobalSection
	GlobalSection(ProjectConfigurationPlatforms) = postSolution
		{B57B5423-A103-4C6E-A785-3DD3A85393D4}.Debug|Any CPU.ActiveCfg = Debug|Any CPU
		{B57B5423-A103-4C6E-A785-3DD3A85393D4}.Debug|Any CPU.Build.0 = Debug|Any CPU
		{B57B5423-A103-4C6E-A785-3DD3A85393D4}.Release|Any CPU.ActiveCfg = Release|Any CPU
		{B57B5423-A103-4C6E-A785-3DD3A85393D4}.Release|Any CPU.Build.0 = Release|Any CPU
	EndGlobalSection
	GlobalSection(SolutionProperties) = preSolution
		HideSolutionNode = FALSE
	EndGlobalSection
	GlobalSection(ExtensibilityGlobals) = postSolution
		SolutionGuid = {EB5C7A2F-7280-43CF-B145-4DDC405EE743}
	EndGlobalSection
EndGlobal
